// !$*UTF8*$!
{
	archiveVersion = 1;
	classes = {
	};
	objectVersion = 50;
	objects = {

/* Begin PBXBuildFile section */
		5CBAB5D328E9955E0006388A /* homework1App.swift in Sources */ = {isa = PBXBuildFile; fileRef = 5CBAB5D228E9955E0006388A /* homework1App.swift */; };
		5CBAB5D528E9955E0006388A /* ContentView.swift in Sources */ = {isa = PBXBuildFile; fileRef = 5CBAB5D428E9955E0006388A /* ContentView.swift */; };
		5CBAB5D728E9955E0006388A /* Assets.xcassets in Resources */ = {isa = PBXBuildFile; fileRef = 5CBAB5D628E9955E0006388A /* Assets.xcassets */; };
		5CBAB5DA28E9955E0006388A /* Preview Assets.xcassets in Resources */ = {isa = PBXBuildFile; fileRef = 5CBAB5D928E9955E0006388A /* Preview Assets.xcassets */; };
		5CBAB5E528E9955E0006388A /* homework1Tests.swift in Sources */ = {isa = PBXBuildFile; fileRef = 5CBAB5E428E9955E0006388A /* homework1Tests.swift */; };
		5CBAB5F028E9955E0006388A /* homework1UITests.swift in Sources */ = {isa = PBXBuildFile; fileRef = 5CBAB5EF28E9955E0006388A /* homework1UITests.swift */; };
/* End PBXBuildFile section */

/* Begin PBXContainerItemProxy section */
		5CBAB5E128E9955E0006388A /* PBXContainerItemProxy */ = {
			isa = PBXContainerItemProxy;
			containerPortal = 5CBAB5C728E9955E0006388A /* Project object */;
			proxyType = 1;
			remoteGlobalIDString = 5CBAB5CE28E9955E0006388A;
			remoteInfo = homework1;
		};
		5CBAB5EC28E9955E0006388A /* PBXContainerItemProxy */ = {
			isa = PBXContainerItemProxy;
			containerPortal = 5CBAB5C728E9955E0006388A /* Project object */;
			proxyType = 1;
			remoteGlobalIDString = 5CBAB5CE28E9955E0006388A;
			remoteInfo = homework1;
		};
/* End PBXContainerItemProxy section */

/* Begin PBXFileReference section */
		5CBAB5CF28E9955E0006388A /* homework1.app */ = {isa = PBXFileReference; explicitFileType = wrapper.application; includeInIndex = 0; path = homework1.app; sourceTree = BUILT_PRODUCTS_DIR; };
		5CBAB5D228E9955E0006388A /* homework1App.swift */ = {isa = PBXFileReference; lastKnownFileType = sourcecode.swift; path = homework1App.swift; sourceTree = "<group>"; };
		5CBAB5D428E9955E0006388A /* ContentView.swift */ = {isa = PBXFileReference; lastKnownFileType = sourcecode.swift; path = ContentView.swift; sourceTree = "<group>"; };
		5CBAB5D628E9955E0006388A /* Assets.xcassets */ = {isa = PBXFileReference; lastKnownFileType = folder.assetcatalog; path = Assets.xcassets; sourceTree = "<group>"; };
		5CBAB5D928E9955E0006388A /* Preview Assets.xcassets */ = {isa = PBXFileReference; lastKnownFileType = folder.assetcatalog; path = "Preview Assets.xcassets"; sourceTree = "<group>"; };
		5CBAB5DB28E9955E0006388A /* Info.plist */ = {isa = PBXFileReference; lastKnownFileType = text.plist.xml; path = Info.plist; sourceTree = "<group>"; };
		5CBAB5E028E9955E0006388A /* homework1Tests.xctest */ = {isa = PBXFileReference; explicitFileType = wrapper.cfbundle; includeInIndex = 0; path = homework1Tests.xctest; sourceTree = BUILT_PRODUCTS_DIR; };
		5CBAB5E428E9955E0006388A /* homework1Tests.swift */ = {isa = PBXFileReference; lastKnownFileType = sourcecode.swift; path = homework1Tests.swift; sourceTree = "<group>"; };
		5CBAB5E628E9955E0006388A /* Info.plist */ = {isa = PBXFileReference; lastKnownFileType = text.plist.xml; path = Info.plist; sourceTree = "<group>"; };
		5CBAB5EB28E9955E0006388A /* homework1UITests.xctest */ = {isa = PBXFileReference; explicitFileType = wrapper.cfbundle; includeInIndex = 0; path = homework1UITests.xctest; sourceTree = BUILT_PRODUCTS_DIR; };
		5CBAB5EF28E9955E0006388A /* homework1UITests.swift */ = {isa = PBXFileReference; lastKnownFileType = sourcecode.swift; path = homework1UITests.swift; sourceTree = "<group>"; };
		5CBAB5F128E9955E0006388A /* Info.plist */ = {isa = PBXFileReference; lastKnownFileType = text.plist.xml; path = Info.plist; sourceTree = "<group>"; };
/* End PBXFileReference section */

/* Begin PBXFrameworksBuildPhase section */
		5CBAB5CC28E9955E0006388A /* Frameworks */ = {
			isa = PBXFrameworksBuildPhase;
			buildActionMask = 2147483647;
			files = (
			);
			runOnlyForDeploymentPostprocessing = 0;
		};
		5CBAB5DD28E9955E0006388A /* Frameworks */ = {
			isa = PBXFrameworksBuildPhase;
			buildActionMask = 2147483647;
			files = (
			);
			runOnlyForDeploymentPostprocessing = 0;
		};
		5CBAB5E828E9955E0006388A /* Frameworks */ = {
			isa = PBXFrameworksBuildPhase;
			buildActionMask = 2147483647;
			files = (
			);
			runOnlyForDeploymentPostprocessing = 0;
		};
/* End PBXFrameworksBuildPhase section */

/* Begin PBXGroup section */
		5CBAB5C628E9955E0006388A = {
			isa = PBXGroup;
			children = (
				5CBAB5D128E9955E0006388A /* homework1 */,
				5CBAB5E328E9955E0006388A /* homework1Tests */,
				5CBAB5EE28E9955E0006388A /* homework1UITests */,
				5CBAB5D028E9955E0006388A /* Products */,
			);
			sourceTree = "<group>";
		};
		5CBAB5D028E9955E0006388A /* Products */ = {
			isa = PBXGroup;
			children = (
				5CBAB5CF28E9955E0006388A /* homework1.app */,
				5CBAB5E028E9955E0006388A /* homework1Tests.xctest */,
				5CBAB5EB28E9955E0006388A /* homework1UITests.xctest */,
			);
			name = Products;
			sourceTree = "<group>";
		};
		5CBAB5D128E9955E0006388A /* homework1 */ = {
			isa = PBXGroup;
			children = (
				5CBAB5D228E9955E0006388A /* homework1App.swift */,
				5CBAB5D428E9955E0006388A /* ContentView.swift */,
				5CBAB5D628E9955E0006388A /* Assets.xcassets */,
				5CBAB5DB28E9955E0006388A /* Info.plist */,
				5CBAB5D828E9955E0006388A /* Preview Content */,
			);
			path = homework1;
			sourceTree = "<group>";
		};
		5CBAB5D828E9955E0006388A /* Preview Content */ = {
			isa = PBXGroup;
			children = (
				5CBAB5D928E9955E0006388A /* Preview Assets.xcassets */,
			);
			path = "Preview Content";
			sourceTree = "<group>";
		};
		5CBAB5E328E9955E0006388A /* homework1Tests */ = {
			isa = PBXGroup;
			children = (
				5CBAB5E428E9955E0006388A /* homework1Tests.swift */,
				5CBAB5E628E9955E0006388A /* Info.plist */,
			);
			path = homework1Tests;
			sourceTree = "<group>";
		};
		5CBAB5EE28E9955E0006388A /* homework1UITests */ = {
			isa = PBXGroup;
			children = (
				5CBAB5EF28E9955E0006388A /* homework1UITests.swift */,
				5CBAB5F128E9955E0006388A /* Info.plist */,
			);
			path = homework1UITests;
			sourceTree = "<group>";
		};
/* End PBXGroup section */

/* Begin PBXNativeTarget section */
		5CBAB5CE28E9955E0006388A /* homework1 */ = {
			isa = PBXNativeTarget;
			buildConfigurationList = 5CBAB5F428E9955E0006388A /* Build configuration list for PBXNativeTarget "homework1" */;
			buildPhases = (
				5CBAB5CB28E9955E0006388A /* Sources */,
				5CBAB5CC28E9955E0006388A /* Frameworks */,
				5CBAB5CD28E9955E0006388A /* Resources */,
			);
			buildRules = (
			);
			dependencies = (
			);
			name = homework1;
			productName = homework1;
			productReference = 5CBAB5CF28E9955E0006388A /* homework1.app */;
			productType = "com.apple.product-type.application";
		};
		5CBAB5DF28E9955E0006388A /* homework1Tests */ = {
			isa = PBXNativeTarget;
			buildConfigurationList = 5CBAB5F728E9955E0006388A /* Build configuration list for PBXNativeTarget "homework1Tests" */;
			buildPhases = (
				5CBAB5DC28E9955E0006388A /* Sources */,
				5CBAB5DD28E9955E0006388A /* Frameworks */,
				5CBAB5DE28E9955E0006388A /* Resources */,
			);
			buildRules = (
			);
			dependencies = (
				5CBAB5E228E9955E0006388A /* PBXTargetDependency */,
			);
			name = homework1Tests;
			productName = homework1Tests;
			productReference = 5CBAB5E028E9955E0006388A /* homework1Tests.xctest */;
			productType = "com.apple.product-type.bundle.unit-test";
		};
		5CBAB5EA28E9955E0006388A /* homework1UITests */ = {
			isa = PBXNativeTarget;
			buildConfigurationList = 5CBAB5FA28E9955E0006388A /* Build configuration list for PBXNativeTarget "homework1UITests" */;
			buildPhases = (
				5CBAB5E728E9955E0006388A /* Sources */,
				5CBAB5E828E9955E0006388A /* Frameworks */,
				5CBAB5E928E9955E0006388A /* Resources */,
			);
			buildRules = (
			);
			dependencies = (
				5CBAB5ED28E9955E0006388A /* PBXTargetDependency */,
			);
			name = homework1UITests;
			productName = homework1UITests;
			productReference = 5CBAB5EB28E9955E0006388A /* homework1UITests.xctest */;
			productType = "com.apple.product-type.bundle.ui-testing";
		};
/* End PBXNativeTarget section */

/* Begin PBXProject section */
		5CBAB5C728E9955E0006388A /* Project object */ = {
			isa = PBXProject;
			attributes = {
				LastSwiftUpdateCheck = 1240;
				LastUpgradeCheck = 1240;
				TargetAttributes = {
					5CBAB5CE28E9955E0006388A = {
						CreatedOnToolsVersion = 12.4;
					};
					5CBAB5DF28E9955E0006388A = {
						CreatedOnToolsVersion = 12.4;
						TestTargetID = 5CBAB5CE28E9955E0006388A;
					};
					5CBAB5EA28E9955E0006388A = {
						CreatedOnToolsVersion = 12.4;
						TestTargetID = 5CBAB5CE28E9955E0006388A;
					};
				};
			};
			buildConfigurationList = 5CBAB5CA28E9955E0006388A /* Build configuration list for PBXProject "homework1" */;
			compatibilityVersion = "Xcode 9.3";
			developmentRegion = en;
			hasScannedForEncodings = 0;
			knownRegions = (
				en,
				Base,
			);
			mainGroup = 5CBAB5C628E9955E0006388A;
			productRefGroup = 5CBAB5D028E9955E0006388A /* Products */;
			projectDirPath = "";
			projectRoot = "";
			targets = (
				5CBAB5CE28E9955E0006388A /* homework1 */,
				5CBAB5DF28E9955E0006388A /* homework1Tests */,
				5CBAB5EA28E9955E0006388A /* homework1UITests */,
			);
		};
/* End PBXProject section */

/* Begin PBXResourcesBuildPhase section */
		5CBAB5CD28E9955E0006388A /* Resources */ = {
			isa = PBXResourcesBuildPhase;
			buildActionMask = 2147483647;
			files = (
				5CBAB5DA28E9955E0006388A /* Preview Assets.xcassets in Resources */,
				5CBAB5D728E9955E0006388A /* Assets.xcassets in Resources */,
			);
			runOnlyForDeploymentPostprocessing = 0;
		};
		5CBAB5DE28E9955E0006388A /* Resources */ = {
			isa = PBXResourcesBuildPhase;
			buildActionMask = 2147483647;
			files = (
			);
			runOnlyForDeploymentPostprocessing = 0;
		};
		5CBAB5E928E9955E0006388A /* Resources */ = {
			isa = PBXResourcesBuildPhase;
			buildActionMask = 2147483647;
			files = (
			);
			runOnlyForDeploymentPostprocessing = 0;
		};
/* End PBXResourcesBuildPhase section */

/* Begin PBXSourcesBuildPhase section */
		5CBAB5CB28E9955E0006388A /* Sources */ = {
			isa = PBXSourcesBuildPhase;
			buildActionMask = 2147483647;
			files = (
				5CBAB5D528E9955E0006388A /* ContentView.swift in Sources */,
				5CBAB5D328E9955E0006388A /* homework1App.swift in Sources */,
			);
			runOnlyForDeploymentPostprocessing = 0;
		};
		5CBAB5DC28E9955E0006388A /* Sources */ = {
			isa = PBXSourcesBuildPhase;
			buildActionMask = 2147483647;
			files = (
				5CBAB5E528E9955E0006388A /* homework1Tests.swift in Sources */,
			);
			runOnlyForDeploymentPostprocessing = 0;
		};
		5CBAB5E728E9955E0006388A /* Sources */ = {
			isa = PBXSourcesBuildPhase;
			buildActionMask = 2147483647;
			files = (
				5CBAB5F028E9955E0006388A /* homework1UITests.swift in Sources */,
			);
			runOnlyForDeploymentPostprocessing = 0;
		};
/* End PBXSourcesBuildPhase section */

/* Begin PBXTargetDependency section */
		5CBAB5E228E9955E0006388A /* PBXTargetDependency */ = {
			isa = PBXTargetDependency;
			target = 5CBAB5CE28E9955E0006388A /* homework1 */;
			targetProxy = 5CBAB5E128E9955E0006388A /* PBXContainerItemProxy */;
		};
		5CBAB5ED28E9955E0006388A /* PBXTargetDependency */ = {
			isa = PBXTargetDependency;
			target = 5CBAB5CE28E9955E0006388A /* homework1 */;
			targetProxy = 5CBAB5EC28E9955E0006388A /* PBXContainerItemProxy */;
		};
/* End PBXTargetDependency section */

/* Begin XCBuildConfiguration section */
		5CBAB5F228E9955E0006388A /* Debug */ = {
			isa = XCBuildConfiguration;
			buildSettings = {
				ALWAYS_SEARCH_USER_PATHS = NO;
				CLANG_ANALYZER_NONNULL = YES;
				CLANG_ANALYZER_NUMBER_OBJECT_CONVERSION = YES_AGGRESSIVE;
				CLANG_CXX_LANGUAGE_STANDARD = "gnu++14";
				CLANG_CXX_LIBRARY = "libc++";
				CLANG_ENABLE_MODULES = YES;
				CLANG_ENABLE_OBJC_ARC = YES;
				CLANG_ENABLE_OBJC_WEAK = YES;
				CLANG_WARN_BLOCK_CAPTURE_AUTORELEASING = YES;
				CLANG_WARN_BOOL_CONVERSION = YES;
				CLANG_WARN_COMMA = YES;
				CLANG_WARN_CONSTANT_CONVERSION = YES;
				CLANG_WARN_DEPRECATED_OBJC_IMPLEMENTATIONS = YES;
				CLANG_WARN_DIRECT_OBJC_ISA_USAGE = YES_ERROR;
				CLANG_WARN_DOCUMENTATION_COMMENTS = YES;
				CLANG_WARN_EMPTY_BODY = YES;
				CLANG_WARN_ENUM_CONVERSION = YES;
				CLANG_WARN_INFINITE_RECURSION = YES;
				CLANG_WARN_INT_CONVERSION = YES;
				CLANG_WARN_NON_LITERAL_NULL_CONVERSION = YES;
				CLANG_WARN_OBJC_IMPLICIT_RETAIN_SELF = YES;
				CLANG_WARN_OBJC_LITERAL_CONVERSION = YES;
				CLANG_WARN_OBJC_ROOT_CLASS = YES_ERROR;
				CLANG_WARN_QUOTED_INCLUDE_IN_FRAMEWORK_HEADER = YES;
				CLANG_WARN_RANGE_LOOP_ANALYSIS = YES;
				CLANG_WARN_STRICT_PROTOTYPES = YES;
				CLANG_WARN_SUSPICIOUS_MOVE = YES;
				CLANG_WARN_UNGUARDED_AVAILABILITY = YES_AGGRESSIVE;
				CLANG_WARN_UNREACHABLE_CODE = YES;
				CLANG_WARN__DUPLICATE_METHOD_MATCH = YES;
				COPY_PHASE_STRIP = NO;
				DEBUG_INFORMATION_FORMAT = dwarf;
				ENABLE_STRICT_OBJC_MSGSEND = YES;
				ENABLE_TESTABILITY = YES;
				GCC_C_LANGUAGE_STANDARD = gnu11;
				GCC_DYNAMIC_NO_PIC = NO;
				GCC_NO_COMMON_BLOCKS = YES;
				GCC_OPTIMIZATION_LEVEL = 0;
				GCC_PREPROCESSOR_DEFINITIONS = (
					"DEBUG=1",
					"$(inherited)",
				);
				GCC_WARN_64_TO_32_BIT_CONVERSION = YES;
				GCC_WARN_ABOUT_RETURN_TYPE = YES_ERROR;
				GCC_WARN_UNDECLARED_SELECTOR = YES;
				GCC_WARN_UNINITIALIZED_AUTOS = YES_AGGRESSIVE;
				GCC_WARN_UNUSED_FUNCTION = YES;
				GCC_WARN_UNUSED_VARIABLE = YES;
				IPHONEOS_DEPLOYMENT_TARGET = 14.4;
				MTL_ENABLE_DEBUG_INFO = INCLUDE_SOURCE;
				MTL_FAST_MATH = YES;
				ONLY_ACTIVE_ARCH = YES;
				SDKROOT = iphoneos;
				SWIFT_ACTIVE_COMPILATION_CONDITIONS = DEBUG;
				SWIFT_OPTIMIZATION_LEVEL = "-Onone";
			};
			name = Debug;
		};
		5CBAB5F328E9955E0006388A /* Release */ = {
			isa = XCBuildConfiguration;
			buildSettings = {
				ALWAYS_SEARCH_USER_PATHS = NO;
				CLANG_ANALYZER_NONNULL = YES;
				CLANG_ANALYZER_NUMBER_OBJECT_CONVERSION = YES_AGGRESSIVE;
				CLANG_CXX_LANGUAGE_STANDARD = "gnu++14";
				CLANG_CXX_LIBRARY = "libc++";
				CLANG_ENABLE_MODULES = YES;
				CLANG_ENABLE_OBJC_ARC = YES;
				CLANG_ENABLE_OBJC_WEAK = YES;
				CLANG_WARN_BLOCK_CAPTURE_AUTORELEASING = YES;
				CLANG_WARN_BOOL_CONVERSION = YES;
				CLANG_WARN_COMMA = YES;
				CLANG_WARN_CONSTANT_CONVERSION = YES;
				CLANG_WARN_DEPRECATED_OBJC_IMPLEMENTATIONS = YES;
				CLANG_WARN_DIRECT_OBJC_ISA_USAGE = YES_ERROR;
				CLANG_WARN_DOCUMENTATION_COMMENTS = YES;
				CLANG_WARN_EMPTY_BODY = YES;
				CLANG_WARN_ENUM_CONVERSION = YES;
				CLANG_WARN_INFINITE_RECURSION = YES;
				CLANG_WARN_INT_CONVERSION = YES;
				CLANG_WARN_NON_LITERAL_NULL_CONVERSION = YES;
				CLANG_WARN_OBJC_IMPLICIT_RETAIN_SELF = YES;
				CLANG_WARN_OBJC_LITERAL_CONVERSION = YES;
				CLANG_WARN_OBJC_ROOT_CLASS = YES_ERROR;
				CLANG_WARN_QUOTED_INCLUDE_IN_FRAMEWORK_HEADER = YES;
				CLANG_WARN_RANGE_LOOP_ANALYSIS = YES;
				CLANG_WARN_STRICT_PROTOTYPES = YES;
				CLANG_WARN_SUSPICIOUS_MOVE = YES;
				CLANG_WARN_UNGUARDED_AVAILABILITY = YES_AGGRESSIVE;
				CLANG_WARN_UNREACHABLE_CODE = YES;
				CLANG_WARN__DUPLICATE_METHOD_MATCH = YES;
				COPY_PHASE_STRIP = NO;
				DEBUG_INFORMATION_FORMAT = "dwarf-with-dsym";
				ENABLE_NS_ASSERTIONS = NO;
				ENABLE_STRICT_OBJC_MSGSEND = YES;
				GCC_C_LANGUAGE_STANDARD = gnu11;
				GCC_NO_COMMON_BLOCKS = YES;
				GCC_WARN_64_TO_32_BIT_CONVERSION = YES;
				GCC_WARN_ABOUT_RETURN_TYPE = YES_ERROR;
				GCC_WARN_UNDECLARED_SELECTOR = YES;
				GCC_WARN_UNINITIALIZED_AUTOS = YES_AGGRESSIVE;
				GCC_WARN_UNUSED_FUNCTION = YES;
				GCC_WARN_UNUSED_VARIABLE = YES;
				IPHONEOS_DEPLOYMENT_TARGET = 14.4;
				MTL_ENABLE_DEBUG_INFO = NO;
				MTL_FAST_MATH = YES;
				SDKROOT = iphoneos;
				SWIFT_COMPILATION_MODE = wholemodule;
				SWIFT_OPTIMIZATION_LEVEL = "-O";
				VALIDATE_PRODUCT = YES;
			};
			name = Release;
		};
		5CBAB5F528E9955E0006388A /* Debug */ = {
			isa = XCBuildConfiguration;
			buildSettings = {
				ASSETCATALOG_COMPILER_APPICON_NAME = AppIcon;
				ASSETCATALOG_COMPILER_GLOBAL_ACCENT_COLOR_NAME = AccentColor;
				CODE_SIGN_STYLE = Automatic;
				DEVELOPMENT_ASSET_PATHS = "\"homework1/Preview Content\"";
				ENABLE_PREVIEWS = YES;
				INFOPLIST_FILE = homework1/Info.plist;
				IPHONEOS_DEPLOYMENT_TARGET = 14.0;
				LD_RUNPATH_SEARCH_PATHS = (
					"$(inherited)",
					"@executable_path/Frameworks",
				);
				PRODUCT_BUNDLE_IDENTIFIER = alex.homework1;
				PRODUCT_NAME = "$(TARGET_NAME)";
				SWIFT_VERSION = 5.0;
				TARGETED_DEVICE_FAMILY = "1,2";
			};
			name = Debug;
		};
		5CBAB5F628E9955E0006388A /* Release */ = {
			isa = XCBuildConfiguration;
			buildSettings = {
				ASSETCATALOG_COMPILER_APPICON_NAME = AppIcon;
				ASSETCATALOG_COMPILER_GLOBAL_ACCENT_COLOR_NAME = AccentColor;
				CODE_SIGN_STYLE = Automatic;
				DEVELOPMENT_ASSET_PATHS = "\"homework1/Preview Content\"";
				ENABLE_PREVIEWS = YES;
				INFOPLIST_FILE = homework1/Info.plist;
				IPHONEOS_DEPLOYMENT_TARGET = 14.0;
				LD_RUNPATH_SEARCH_PATHS = (
					"$(inherited)",
					"@executable_path/Frameworks",
				);
				PRODUCT_BUNDLE_IDENTIFIER = alex.homework1;
				PRODUCT_NAME = "$(TARGET_NAME)";
				SWIFT_VERSION = 5.0;
				TARGETED_DEVICE_FAMILY = "1,2";
			};
			name = Release;
		};
		5CBAB5F828E9955E0006388A /* Debug */ = {
			isa = XCBuildConfiguration;
			buildSettings = {
				ALWAYS_EMBED_SWIFT_STANDARD_LIBRARIES = YES;
				BUNDLE_LOADER = "$(TEST_HOST)";
				CODE_SIGN_STYLE = Automatic;
				INFOPLIST_FILE = homework1Tests/Info.plist;
				IPHONEOS_DEPLOYMENT_TARGET = 14.0;
				LD_RUNPATH_SEARCH_PATHS = (
					"$(inherited)",
					"@executable_path/Frameworks",
					"@loader_path/Frameworks",
				);
				PRODUCT_BUNDLE_IDENTIFIER = alex.homework1Tests;
				PRODUCT_NAME = "$(TARGET_NAME)";
				SWIFT_VERSION = 5.0;
				TARGETED_DEVICE_FAMILY = "1,2";
				TEST_HOST = "$(BUILT_PRODUCTS_DIR)/homework1.app/homework1";
			};
			name = Debug;
		};
		5CBAB5F928E9955E0006388A /* Release */ = {
			isa = XCBuildConfiguration;
			buildSettings = {
				ALWAYS_EMBED_SWIFT_STANDARD_LIBRARIES = YES;
				BUNDLE_LOADER = "$(TEST_HOST)";
				CODE_SIGN_STYLE = Automatic;
				INFOPLIST_FILE = homework1Tests/Info.plist;
				IPHONEOS_DEPLOYMENT_TARGET = 14.0;
				LD_RUNPATH_SEARCH_PATHS = (
					"$(inherited)",
					"@executable_path/Frameworks",
					"@loader_path/Frameworks",
				);
				PRODUCT_BUNDLE_IDENTIFIER = alex.homework1Tests;
				PRODUCT_NAME = "$(TARGET_NAME)";
				SWIFT_VERSION = 5.0;
				TARGETED_DEVICE_FAMILY = "1,2";
				TEST_HOST = "$(BUILT_PRODUCTS_DIR)/homework1.app/homework1";
			};
			name = Release;
		};
		5CBAB5FB28E9955E0006388A /* Debug */ = {
			isa = XCBuildConfiguration;
			buildSettings = {
				ALWAYS_EMBED_SWIFT_STANDARD_LIBRARIES = YES;
				CODE_SIGN_STYLE = Automatic;
				INFOPLIST_FILE = homework1UITests/Info.plist;
				LD_RUNPATH_SEARCH_PATHS = (
					"$(inherited)",
					"@executable_path/Frameworks",
					"@loader_path/Frameworks",
				);
				PRODUCT_BUNDLE_IDENTIFIER = alex.homework1UITests;
				PRODUCT_NAME = "$(TARGET_NAME)";
				SWIFT_VERSION = 5.0;
				TARGETED_DEVICE_FAMILY = "1,2";
				TEST_TARGET_NAME = homework1;
			};
			name = Debug;
		};
		5CBAB5FC28E9955E0006388A /* Release */ = {
			isa = XCBuildConfiguration;
			buildSettings = {
				ALWAYS_EMBED_SWIFT_STANDARD_LIBRARIES = YES;
				CODE_SIGN_STYLE = Automatic;
				INFOPLIST_FILE = homework1UITests/Info.plist;
				LD_RUNPATH_SEARCH_PATHS = (
					"$(inherited)",
					"@executable_path/Frameworks",
					"@loader_path/Frameworks",
				);
				PRODUCT_BUNDLE_IDENTIFIER = alex.homework1UITests;
				PRODUCT_NAME = "$(TARGET_NAME)";
				SWIFT_VERSION = 5.0;
				TARGETED_DEVICE_FAMILY = "1,2";
				TEST_TARGET_NAME = homework1;
			};
			name = Release;
		};
/* End XCBuildConfiguration section */

/* Begin XCConfigurationList section */
		5CBAB5CA28E9955E0006388A /* Build configuration list for PBXProject "homework1" */ = {
			isa = XCConfigurationList;
			buildConfigurations = (
				5CBAB5F228E9955E0006388A /* Debug */,
				5CBAB5F328E9955E0006388A /* Release */,
			);
			defaultConfigurationIsVisible = 0;
			defaultConfigurationName = Release;
		};
		5CBAB5F428E9955E0006388A /* Build configuration list for PBXNativeTarget "homework1" */ = {
			isa = XCConfigurationList;
			buildConfigurations = (
				5CBAB5F528E9955E0006388A /* Debug */,
				5CBAB5F628E9955E0006388A /* Release */,
			);
			defaultConfigurationIsVisible = 0;
			defaultConfigurationName = Release;
		};
		5CBAB5F728E9955E0006388A /* Build configuration list for PBXNativeTarget "homework1Tests" */ = {
			isa = XCConfigurationList;
			buildConfigurations = (
				5CBAB5F828E9955E0006388A /* Debug */,
				5CBAB5F928E9955E0006388A /* Release */,
			);
			defaultConfigurationIsVisible = 0;
			defaultConfigurationName = Release;
		};
		5CBAB5FA28E9955E0006388A /* Build configuration list for PBXNativeTarget "homework1UITests" */ = {
			isa = XCConfigurationList;
			buildConfigurations = (
				5CBAB5FB28E9955E0006388A /* Debug */,
				5CBAB5FC28E9955E0006388A /* Release */,
			);
			defaultConfigurationIsVisible = 0;
			defaultConfigurationName = Release;
		};
/* End XCConfigurationList section */
	};
	rootObject = 5CBAB5C728E9955E0006388A /* Project object */;
}
